
Microsoft Visual Studio Solution File, Format Version 12.00
Project("{FAE04EC0-301F-11D3-BF4B-00C04F79EFBC}") = "App", "App\App.csproj", "{F807642A-9099-4953-9F22-D1DA727D393A}"
EndProject
Project("{FAE04EC0-301F-11D3-BF4B-00C04F79EFBC}") = "Models", "Models\Models.csproj", "{CA82005D-6EA8-4822-9364-402BEC480DF1}"
EndProject
Project("{FAE04EC0-301F-11D3-BF4B-00C04F79EFBC}") = "App.Test", "App.Test\App.Test.csproj", "{9A745ED1-1CC7-456E-A6B7-9DC42BA9267A}"
EndProject
Project("{FAE04EC0-301F-11D3-BF4B-00C04F79EFBC}") = "DTO", "DTO\DTO.csproj", "{1157CEE2-29C5-402F-BEA9-DBC5A74FD268}"
EndProject
Project("{FAE04EC0-301F-11D3-BF4B-00C04F79EFBC}") = "UI", "UI\UI.csproj", "{E869F057-64C2-48A1-A4E2-13793FD654EF}"
EndProject
Global
	GlobalSection(SolutionConfigurationPlatforms) = preSolution
		Debug|Any CPU = Debug|Any CPU
		Release|Any CPU = Release|Any CPU
	EndGlobalSection
	GlobalSection(ProjectConfigurationPlatforms) = postSolution
		{F807642A-9099-4953-9F22-D1DA727D393A}.Debug|Any CPU.ActiveCfg = Debug|Any CPU
		{F807642A-9099-4953-9F22-D1DA727D393A}.Debug|Any CPU.Build.0 = Debug|Any CPU
		{F807642A-9099-4953-9F22-D1DA727D393A}.Release|Any CPU.ActiveCfg = Release|Any CPU
		{F807642A-9099-4953-9F22-D1DA727D393A}.Release|Any CPU.Build.0 = Release|Any CPU
		{CA82005D-6EA8-4822-9364-402BEC480DF1}.Debug|Any CPU.ActiveCfg = Debug|Any CPU
		{CA82005D-6EA8-4822-9364-402BEC480DF1}.Debug|Any CPU.Build.0 = Debug|Any CPU
		{CA82005D-6EA8-4822-9364-402BEC480DF1}.Release|Any CPU.ActiveCfg = Release|Any CPU
		{CA82005D-6EA8-4822-9364-402BEC480DF1}.Release|Any CPU.Build.0 = Release|Any CPU
		{9A745ED1-1CC7-456E-A6B7-9DC42BA9267A}.Debug|Any CPU.ActiveCfg = Debug|Any CPU
		{9A745ED1-1CC7-456E-A6B7-9DC42BA9267A}.Debug|Any CPU.Build.0 = Debug|Any CPU
		{9A745ED1-1CC7-456E-A6B7-9DC42BA9267A}.Release|Any CPU.ActiveCfg = Release|Any CPU
		{9A745ED1-1CC7-456E-A6B7-9DC42BA9267A}.Release|Any CPU.Build.0 = Release|Any CPU
		{1157CEE2-29C5-402F-BEA9-DBC5A74FD268}.Debug|Any CPU.ActiveCfg = Debug|Any CPU
		{1157CEE2-29C5-402F-BEA9-DBC5A74FD268}.Debug|Any CPU.Build.0 = Debug|Any CPU
		{1157CEE2-29C5-402F-BEA9-DBC5A74FD268}.Release|Any CPU.ActiveCfg = Release|Any CPU
		{1157CEE2-29C5-402F-BEA9-DBC5A74FD268}.Release|Any CPU.Build.0 = Release|Any CPU
		{E869F057-64C2-48A1-A4E2-13793FD654EF}.Debug|Any CPU.ActiveCfg = Debug|Any CPU
		{E869F057-64C2-48A1-A4E2-13793FD654EF}.Debug|Any CPU.Build.0 = Debug|Any CPU
		{E869F057-64C2-48A1-A4E2-13793FD654EF}.Release|Any CPU.ActiveCfg = Release|Any CPU
		{E869F057-64C2-48A1-A4E2-13793FD654EF}.Release|Any CPU.Build.0 = Release|Any CPU
	EndGlobalSection
EndGlobal
